{
  "name": "beis-mspsds",
  "version": "1.0.0",
  "lockfileVersion": 1,
  "requires": true,
  "dependencies": {
    "accessible-autocomplete": {
      "version": "1.6.1",
      "resolved": "https://registry.npmjs.org/accessible-autocomplete/-/accessible-autocomplete-1.6.1.tgz",
      "integrity": "sha512-75asizh6ld4NPzxId/IcL8IjT1MzZfARCkWp5eShv0gXBt3kKj6BGFRiS/qSkeep4OM8Fz20FqiftTuPSJNITw==",
      "requires": {
        "preact": "8.3.0"
      }
    },
    "corejs-typeahead": {
      "version": "1.2.1",
      "resolved": "https://registry.npmjs.org/corejs-typeahead/-/corejs-typeahead-1.2.1.tgz",
      "integrity": "sha1-NFqK/mZMxJQHW1m2R3eAfws/Eys=",
      "requires": {
        "jquery": "3.3.1"
      }
    },
    "govuk-country-and-territory-autocomplete": {
      "version": "0.4.0",
      "resolved": "https://registry.npmjs.org/govuk-country-and-territory-autocomplete/-/govuk-country-and-territory-autocomplete-0.4.0.tgz",
      "integrity": "sha512-MOYGPpC6TsAesWK/LDC+scKpJxzdHSROBxtA5CSRbasWU4HnzUltCK7Eg9Nq7gIAR3WIkBGLaSX1al70eKZN7g==",
      "requires": {
        "accessible-autocomplete": "1.6.1",
        "openregister-picker-engine": "1.2.1",
        "webpack-sources": "1.1.0"
      }
    },
    "govuk-elements-sass": {
      "version": "3.1.2",
      "resolved": "https://registry.npmjs.org/govuk-elements-sass/-/govuk-elements-sass-3.1.2.tgz",
      "integrity": "sha1-THmmiTxQDlyBet6NUAjnCfcYo8M=",
      "requires": {
        "govuk_frontend_toolkit": "7.5.0"
      }
    },
    "govuk_frontend_toolkit": {
      "version": "7.5.0",
      "resolved": "https://registry.npmjs.org/govuk_frontend_toolkit/-/govuk_frontend_toolkit-7.5.0.tgz",
      "integrity": "sha1-pYg7xLGrObVxhu/s0p0kqWh7FVc="
    },
    "jquery": {
      "version": "3.3.1",
      "resolved": "https://registry.npmjs.org/jquery/-/jquery-3.3.1.tgz",
      "integrity": "sha512-Ubldcmxp5np52/ENotGxlLe6aGMvmF4R8S6tZjsP6Knsaxd/xp3Zrh50cG93lR6nPXyUFwzN3ZSOQI0wRJNdGg=="
    },
    "openregister-picker-engine": {
      "version": "1.2.1",
      "resolved": "https://registry.npmjs.org/openregister-picker-engine/-/openregister-picker-engine-1.2.1.tgz",
      "integrity": "sha512-8sbJY+iX6rW28seEri8tVTpAS2VBLNckbFDbVqNXy/kRn48Uii2IvaH6uJXKFJxXOOKB6RVcmnigIm1qA07v/Q==",
      "requires": {
        "corejs-typeahead": "1.2.1",
        "whatwg-fetch": "2.0.4"
      }
    },
    "preact": {
      "version": "8.3.0",
      "resolved": "https://registry.npmjs.org/preact/-/preact-8.3.0.tgz",
      "integrity": "sha512-yhP68bOZMWaNjfKig0xeL59H9TRShxCoLEUVnvKXfSqLK67EDYev7GVgAhKHmATK/HpnGw6SjSooVvEJgeAUDQ=="
    },
    "source-list-map": {
      "version": "2.0.0",
      "resolved": "https://registry.npmjs.org/source-list-map/-/source-list-map-2.0.0.tgz",
      "integrity": "sha512-I2UmuJSRr/T8jisiROLU3A3ltr+swpniSmNPI4Ml3ZCX6tVnDsuZzK7F2hl5jTqbZBWCEKlj5HRQiPExXLgE8A=="
    },
    "source-map": {
      "version": "0.6.1",
      "resolved": "https://registry.npmjs.org/source-map/-/source-map-0.6.1.tgz",
      "integrity": "sha512-UjgapumWlbMhkBgzT7Ykc5YXUT46F0iKu8SGXq0bcwP5dz/h0Plj6enJqjz1Zbq2l5WaqYnrVbwWOWMyF3F47g=="
    },
    "webpack-sources": {
      "version": "1.1.0",
      "resolved": "https://registry.npmjs.org/webpack-sources/-/webpack-sources-1.1.0.tgz",
      "integrity": "sha512-aqYp18kPphgoO5c/+NaUvEeACtZjMESmDChuD3NBciVpah3XpMEU9VAAtIaB1BsfJWWTSdv8Vv1m3T0aRk2dUw==",
      "requires": {
        "source-list-map": "2.0.0",
        "source-map": "0.6.1"
      }
    },
    "whatwg-fetch": {
      "version": "2.0.4",
      "resolved": "https://registry.npmjs.org/whatwg-fetch/-/whatwg-fetch-2.0.4.tgz",
      "integrity": "sha512-dcQ1GWpOD/eEQ97k66aiEVpNnapVj90/+R+SXTPYGHpYBBypfKJEQjLrvMZ7YXbKm21gXd4NcuxUTjiv1YtLng=="
    }
  }
}
