{
  "name": "beis-mspsds",
  "version": "1.0.0",
  "lockfileVersion": 1,
  "requires": true,
  "dependencies": {
    "govuk-elements-sass": {
      "version": "3.1.2",
      "resolved": "https://registry.npmjs.org/govuk-elements-sass/-/govuk-elements-sass-3.1.2.tgz",
      "integrity": "sha1-THmmiTxQDlyBet6NUAjnCfcYo8M=",
      "requires": {
        "govuk_frontend_toolkit": "7.5.0"
      }
    },
    "govuk_frontend_toolkit": {
      "version": "7.5.0",
      "resolved": "https://registry.npmjs.org/govuk_frontend_toolkit/-/govuk_frontend_toolkit-7.5.0.tgz",
      "integrity": "sha1-pYg7xLGrObVxhu/s0p0kqWh7FVc="
    }
  }
}
