# THIS IS AN AUTOGENERATED FILE. DO NOT EDIT THIS FILE DIRECTLY.
# yarn lockfile v1


accessible-autocomplete@^1.6.1:
  version "1.6.1"
  resolved "https://registry.yarnpkg.com/accessible-autocomplete/-/accessible-autocomplete-1.6.1.tgz#23edd14cab2abc39baa4f6168457166acefc17fe"
  dependencies:
    preact "^8.1.0"

corejs-typeahead@^1.1.1:
  version "1.2.1"
  resolved "https://registry.yarnpkg.com/corejs-typeahead/-/corejs-typeahead-1.2.1.tgz#345a8afe664cc494075b59b64777807f0b3f132b"
  dependencies:
    jquery ">=1.11"

govuk-country-and-territory-autocomplete@^0.4.0:
  version "0.4.0"
  resolved "https://registry.yarnpkg.com/govuk-country-and-territory-autocomplete/-/govuk-country-and-territory-autocomplete-0.4.0.tgz#9823c59098c83bb473be57f7ce60ea57da7b770f"
  dependencies:
    accessible-autocomplete "^1.6.1"
    openregister-picker-engine "^1.2.1"
    webpack-sources "^1.0.1"

govuk-frontend@^1.2.0:
  version "1.2.0"
  resolved "https://registry.yarnpkg.com/govuk-frontend/-/govuk-frontend-1.2.0.tgz#a741364f903534755e134c0db6ac65a63a368592"

jquery-ujs@^1.2.2:
  version "1.2.2"
  resolved "https://registry.yarnpkg.com/jquery-ujs/-/jquery-ujs-1.2.2.tgz#6a8ef1020e6b6dda385b90a4bddc128c21c56397"
  dependencies:
    jquery ">=1.8.0"

jquery@>=1.11, jquery@>=1.8.0, jquery@^3.3.1:
  version "3.3.1"
  resolved "https://registry.yarnpkg.com/jquery/-/jquery-3.3.1.tgz#958ce29e81c9790f31be7792df5d4d95fc57fbca"

openregister-picker-engine@^1.2.1:
  version "1.2.1"
  resolved "https://registry.yarnpkg.com/openregister-picker-engine/-/openregister-picker-engine-1.2.1.tgz#e7ab34dc34b9c4cb13915bf3fbfae65b0e281e34"
  dependencies:
    corejs-typeahead "^1.1.1"
    whatwg-fetch "^2.0.3"

preact@^8.1.0:
  version "8.3.0"
  resolved "https://registry.yarnpkg.com/preact/-/preact-8.3.0.tgz#eef16418bc351a44015b62c447722132ce5c36eb"

source-list-map@^2.0.0:
  version "2.0.0"
  resolved "https://registry.yarnpkg.com/source-list-map/-/source-list-map-2.0.0.tgz#aaa47403f7b245a92fbc97ea08f250d6087ed085"

source-map@~0.6.1:
  version "0.6.1"
  resolved "https://registry.yarnpkg.com/source-map/-/source-map-0.6.1.tgz#74722af32e9614e9c287a8d0bbde48b5e2f1a263"

webpack-sources@^1.0.1:
  version "1.1.0"
  resolved "https://registry.yarnpkg.com/webpack-sources/-/webpack-sources-1.1.0.tgz#a101ebae59d6507354d71d8013950a3a8b7a5a54"
  dependencies:
    source-list-map "^2.0.0"
    source-map "~0.6.1"

whatwg-fetch@^2.0.3:
  version "2.0.4"
  resolved "https://registry.yarnpkg.com/whatwg-fetch/-/whatwg-fetch-2.0.4.tgz#dde6a5df315f9d39991aa17621853d720b85566f"
